
Microsoft Visual Studio Solution File, Format Version 12.00
# Visual Studio 15
VisualStudioVersion = 15.0.27004.2005
MinimumVisualStudioVersion = 10.0.40219.1
Project("{FAE04EC0-301F-11D3-BF4B-00C04F79EFBC}") = "Publisher", "Publisher\Publisher.csproj", "{F8730A77-015E-4372-8F6A-A06966DFBFD2}"
EndProject
Project("{FAE04EC0-301F-11D3-BF4B-00C04F79EFBC}") = "Subscriber", "Subscriber\Subscriber.csproj", "{C92F372B-3088-4832-ABC1-5EC7D8636DE9}"
EndProject
Project("{FAE04EC0-301F-11D3-BF4B-00C04F79EFBC}") = "Shared", "Shared\Shared.csproj", "{5DCE158A-64CF-4EDF-A439-0DAF81D1BE58}"
EndProject
Global
	GlobalSection(SolutionConfigurationPlatforms) = preSolution
		Debug|Any CPU = Debug|Any CPU
		Release|Any CPU = Release|Any CPU
	EndGlobalSection
	GlobalSection(ProjectConfigurationPlatforms) = postSolution
		{F8730A77-015E-4372-8F6A-A06966DFBFD2}.Debug|Any CPU.ActiveCfg = Debug|Any CPU
		{F8730A77-015E-4372-8F6A-A06966DFBFD2}.Debug|Any CPU.Build.0 = Debug|Any CPU
		{F8730A77-015E-4372-8F6A-A06966DFBFD2}.Release|Any CPU.ActiveCfg = Release|Any CPU
		{F8730A77-015E-4372-8F6A-A06966DFBFD2}.Release|Any CPU.Build.0 = Release|Any CPU
		{C92F372B-3088-4832-ABC1-5EC7D8636DE9}.Debug|Any CPU.ActiveCfg = Debug|Any CPU
		{C92F372B-3088-4832-ABC1-5EC7D8636DE9}.Debug|Any CPU.Build.0 = Debug|Any CPU
		{C92F372B-3088-4832-ABC1-5EC7D8636DE9}.Release|Any CPU.ActiveCfg = Release|Any CPU
		{C92F372B-3088-4832-ABC1-5EC7D8636DE9}.Release|Any CPU.Build.0 = Release|Any CPU
		{5DCE158A-64CF-4EDF-A439-0DAF81D1BE58}.Debug|Any CPU.ActiveCfg = Debug|Any CPU
		{5DCE158A-64CF-4EDF-A439-0DAF81D1BE58}.Debug|Any CPU.Build.0 = Debug|Any CPU
		{5DCE158A-64CF-4EDF-A439-0DAF81D1BE58}.Release|Any CPU.ActiveCfg = Release|Any CPU
		{5DCE158A-64CF-4EDF-A439-0DAF81D1BE58}.Release|Any CPU.Build.0 = Release|Any CPU
	EndGlobalSection
	GlobalSection(SolutionProperties) = preSolution
		HideSolutionNode = FALSE
	EndGlobalSection
	GlobalSection(ExtensibilityGlobals) = postSolution
		SolutionGuid = {603E96D6-D3E8-46EF-AB27-8DB5787236F1}
	EndGlobalSection
EndGlobal
